YªçŠx-®éÜj×¢ëiºÚ+Š§j[h‘éÜ¢éíãM5N‹Z–‹­¦ëeŠw¬Õì4(€€‰¹…µ”ˆè€‰ÙÉ´µ…±…µ”µ•‘¥Ñ½Èˆ°4(€€‰Ù•ÉÍ¥½¸ˆè€ˆÀ¸Ü¸Èäˆ°4(€€‰±½­™¥±•Y•ÉÍ¥½¸ˆè€Ì°4(€€‰É•ÅÕ¥É•ÌˆèÑÉÕ”°4(€€‰Á…­…•Ìˆèì4(€€€€ˆˆèì4(€€€€€€‰¹…µ”ˆè€‰ÙÉ´µ…±…µ”µ•‘¥Ñ½Èˆ°4(€€€€€€‰Ù•ÉÍ¥½¸ˆè€ˆÀ¸Ü¸Èäˆ°4(€€€€€€‰‘•Á•¹‘•¹¥•Ìˆèì4(€€€€€€€€‰Á¥á¥Ø½Ñ¡É•”µÙÉ´ˆè€‰xÌ¸Ô¸Ðˆ°4(€€€€€€€€‰Á¥á¥Ø½Ñ¡É•”µÙÉ´µ…¹¥µ…Ñ¥½¸ˆè€‰xÌ¸Ô¸Ðˆ°4(€€€€€€€€‰Á‘™©Ìµ‘¥ÍÐˆè€‰xØ¸Ì¸Èàäˆ°4(€€€€€€€€‰Ñ¡É•”ˆè€‰xÀ¸ÄàÀ¸Àˆ4(€€€€€ô°4(€€€€€€‰‘•Ù•Á•¹‘•¹¥•Ìˆèì4(€€€€€€€€‰Ù¥Ñ”ˆè€‰xÜ¸Ì¸Àˆ4(€€€€€ô4(€€€ô°4(€€€€‰¹½‘•}µ½‘Õ±•Ì½•Í‰Õ¥±½…¥àµÁÁŒØÐˆèì4(€€€€€€‰Ù•ÉÍ¥½¸ˆè€ˆÀ¸Èà¸Èˆ°4(€€€€€€‰É•Í½±Ù•ˆè€‰¡ÑÑÁÌè¼½É•¥ÍÑÉä¹¹Áµ©Ì¹½Éœ½•Í‰Õ¥±½…¥àµÁÁŒØÐ¼´½…¥àµÁÁŒØÐ´À¸Èà¸È¹Ñèˆ°4(€€€€€€‰¥¹Ñ•É¥Ñäˆè€‰Í¡„ÔÄÈµaá<­‘Ù1-ÙYÑ9Q¥‰MQ	•¨Å9‰…¡]¸å]ÜÅiAààÁÅÍ…¡¡A”¼á©]@Á%¡9”ÁÍ!Ý­TÝ¸á•©¡ á‰©½¹Å¡ÐáµDôôˆ°4(€€€€€€‰ÁÔˆèl4(€€€€€€€€‰ÁÁŒØÐˆ4(€€€€€t°4(€€€€€€‰‘•ØˆèÑÉÕ”°4(€€€€€€‰±¥•¹Í”ˆè€‰5%Pˆ°4(€€€€€€‰½ÁÑ¥½¹…°ˆèÑÉÕ”°4(€€€€€€‰½Ìˆèl4(€€€€€€€€‰…¥àˆ4(€€€€€t°4(€€€€€€‰•¹¥¹•Ìˆèì4(€€€€€€€€‰¹½‘”ˆè€ˆøôÄàˆ4(€€€€€ô4(€€€ô°4(€€€€‰¹½‘•}µ½‘Õ±•Ì½•Í‰Õ¥±½…¹‘É½¥µ…É´ˆèì4(€€€€€€‰Ù•ÉÍ¥½¸ˆè€ˆÀ¸Èà¸Èˆ°4(€€€€€€‰É•Í½±Ù•ˆè€‰¡ÑÑÁÌè¼½É•¥ÍÑÉä¹¹Áµ©Ì¹½Éœ½•Í‰Õ¥±½…¹‘É½¥µ…É´¼´½…¹‘É½¥µ…É´´À¸Èà¸È¹Ñèˆ°4(€€€€€€‰¥¹Ñ•É¥Ñäˆè€‰Í¡„ÔÄÈµ­aa½¥AYYE¹%e=•…½ÙÝ=UIÁ¹¥	ÁMÄÑÀÍÅ­D­	5EÅÑÙ!e…ÀÍá¹”åÅ<Åå¼ÑQHÍÅá±`Õ%ÅÅµ`Ù™¼É1Åœôôˆ°4(€€€€€€‰ÁÔˆèl4(€€€€€€€€‰…É´ˆ4(€€€€€t°4(€€€€€€‰‘•ØˆèÑÉÕ”°4(€€€€€€‰±¥•¹Í”ˆè€‰5%Pˆ°4(€€€€€€‰½ÁÑ¥½¹…°ˆèÑÉÕ”°4(€€€€€€‰½Ìˆèl4(€€€€€€€€‰…¹‘É½¥ˆ4(€€€€€t°4(€€€€€€‰•¹¥¹•Ìˆèì4(€€€€€€€€‰¹½‘”ˆè€ˆøôÄàˆ4(€€€€€ô4(€€€ô°4(€€€€‰¹½‘•}µ½‘Õ±•Ì½•Í‰Õ¥±½…¹‘É½¥µ…É´ØÐˆèì4(ƒ}4ÖÚ$z{-®éÜj× Ð¢ÐÐ¢ÒÀÐ¢&æöFUöÖöGVÆW2ôW6'V–ÆBö÷Væ'6B×ƒcB#¢°Ð¢'fW'6–öâ#¢#ã#‚ã""ÀÐ¢'&W6öÇfVB#¢&‡GG3¢ò÷&Vv—7G'’æçÖ§2æ÷&rôW6'V–ÆBö÷Væ'6B×ƒcBòÒö÷Væ'6B×ƒcBÓã#‚ã"çFw¢"ÀÐ¢&–çFVw&—G’#¢'6†S"ÕF—U—F6…'”3G'uT¶†W„¦E·dGU£f…vÆö“6–wåT¤53÷c”V”ó5UDõ…#d4fôÖóFfä¶%t¦G—v„÷¦ƒ‡WsÓÒ"ÀÐ¢&7R#¢°Ð¢'ƒcB Ð¢ÒÀÐ¢&FWb#¢G'VRÀÐ¢&Æ–6Vç6R#¢$Ô•B"ÀÐ¢&÷F–öæÂ#¢G'VRÀÐ¢&÷2#¢°Ð¢&÷Væ'6B Ð¢ÒÀÐ¢&Væv–æW2#¢°Ð¢&æöFR#¢#ãÓ‚ Ð¢ÐÐ¢ÒÀÐ¢&æöFUöÖöGVÆW2ôW6'V–ÆBö÷Væ†&Ööç’Ö&ÓcB#¢°Ð¢'fW'6–öâ#¢#ã#‚ã""ÀÐ¢'&W6öÇfVB#¢&‡GG3¢ò÷&Vv—7G'’æçÖ§2æ÷&rôW6'V–ÆBö÷Væ†&Ööç’Ö&ÓcBòÒö÷Væ†&Ööç’Ö&ÓcBÓã#‚ã"çFw¢"ÀÐ¢&–çFVw&—G’#¢'6†S"Õv¶…”F×F¤ÇdvÅ64'v¥%VÖ†ÃF³†õ…#64–'GvÔTÆuRöDfT„†ÄVÆÇ„GfEv4ä¥c—&'¤6W„#Wg£†wDæWutÆt5CuÓÒ"ÀÐ¢&7R#¢°Ð¢&&ÓcB Ð¢ÒÀÐ¢&FWb#¢G'VRÀÐ¢&Æ–6Vç6R#¢$Ô•B"ÀÐ¢&÷F–öæÂ#¢G'VRÀÐ¢&÷2#¢°Ð¢&÷Væ†&Ööç’ Ð¢ÒÀÐ¢&Væv–æW2#¢°Ð¢&æöFR#¢#ãÓ‚ Ð¢ÐÐ¢ÒÀÐ¢&æöFUöÖöGVÆW2ôW6'V–ÆB÷7Væ÷2×ƒcB#¢°Ð¢'fW'6–öâ#¢#ã#‚ã""ÀÐ¢'&W6öÇfVB#¢&‡GG3¢ò÷&Vv—7G'’æçÖ§2æ÷&rôW6'V–ÆB÷7Væ÷2×ƒcBòÒ÷7Væ÷2×ƒcBÓã#‚ã"çFw¢"ÀÐ¢&–çFVw&—G’#¢'6†S"ÔuÕ6µD÷DÖçc%S$c†w†SD–ógÕg2µ”·—ƒ3$WG‡#„fævÕ…7'§w—FVÆÓ4t–ãuCEgf•%VÆc74öt$ö•FGfcvsÓÒ"ÀÐ¢&7R#¢°Ð¢'ƒcB Ð¢ÒÀÐ¢&FWb#¢G'VRÀÐ¢&Æ–6Vç6R#¢$Ô•B"ÀÐ¢&÷F–öæÂ#¢G'VRÀÐ¢&÷2#¢°Ð¢'7Væ÷2 Ð¢ÒÀÐ¢&Væv–æW2#¢µš®x§‚ÚîÆ­yÚ.¶›­¢¸ Šv¥¶‰Ê.žÞ4ÓTèµ©hºÚn¶X§zÍCBˆ››ÙHŽˆLNƒBˆCBˆKBˆ››ÙWÛ[Ù[\ËÐ\ØZ[ÝÚ[ŒÌ‹X\›MŽˆÃBˆ™\œÚ[ÛˆŽˆŒŒŽŒˆ‹Bˆœ™\ÛÛ™YŽˆšÎ‹ËÜ™YÚ\ÝžK›œZœË›Ü™ËÐ\ØZ[ÝÚ[ŒÌ‹X\›MËKÝÚ[ŒÌ‹X\›MLŒŽŒ‹Þˆ‹Bˆš[YÜš]HŽˆœÚMLL‹TZZÑN]T›Tœ”QRœ[ÓP›šX–ž˜‘Þ–UÔVLÞ
Ö[Õ™ËÎM^˜šÞÔN]VSMSXPÝŽÌQY”T^UÔOOH‹Bˆ˜ÜHŽˆÃBˆ˜\›MƒBˆKBˆ™]ˆŽˆYKBˆ›XÙ[œÙHŽˆ“RU‹Bˆ›Ü[Û˜[ŽˆYKBˆ›ÜÈŽˆÃBˆÚ[ŒÌˆƒBˆKBˆ™[™Ú[™\ÈŽˆÃBˆ››ÙHŽˆLNƒBˆCBˆKBˆ››ÙWÛ[Ù[\ËÐ\ØZ[ÝÚ[ŒÌ‹ZXLÌˆŽˆÃBˆ™\œÚ[ÛˆŽˆŒŒŽŒˆ‹Bˆœ™\ÛÛ™YŽˆšÎ‹ËÜ™YÚ\ÝžK›œZœË›Ü™ËÐ\ØZ[ÝÚ[ŒÌ‹ZXLÌ‹ËKÝÚ[ŒÌ‹ZXLÌ‹LŒŽŒ‹Þˆ‹Bˆš[YÜš]HŽˆœÚMLL‹V[R˜™••MÔÙŽPŠÍ‘TÍÐœÔÌÍÓPSÓšŠÚœ‹ØÜÌXP”Ö›‘JÔPÕÔŒÎYÞ^\MÎYÍ˜ÍTÙ]VPOOH‹Bˆ˜ÜHŽˆÃBˆšXLÌˆƒBˆKBˆ™]ˆŽˆYKBˆ›XÙ[œÙHŽˆ“RU‹Bˆ›Ü[Û˜[ŽˆYKBˆ›ÜÈŽˆÃBˆÚ[ŒÌˆƒBˆKBˆ™[™Ú[™\ÈŽˆÃBˆ››ÙHŽˆLNƒBˆCBˆKBˆ››ÙWÛ[Ù[\ËÐ\ØZ[ÝÚ[ŒÌ‹^ŽˆÃBˆ™\œÚ[ÛˆŽˆŒŒŽŒˆ‹Bˆœ™\ÛÛ™YŽˆšÎ‹ËÜ™YÚ\ÝžK›œZœË›Ü™ËÐ\ØZ[ÝÚ[ŒÌ‹^ËKÝÚ[ŒÌ‹^LŒŽŒ‹Þˆ‹Bˆš[YÜš]HŽˆœÚMLL‹MYXœŒÛ•Ó^œ“Ü›•RMÍMRšÝYYL’ÑÜLÕŽ[˜ÜÌÝÐ\Y]NY•YÕÒÎXšÝ–ššÞV]‹ÎN™^MŽMYÏOH‹Bˆ˜ÜHŽˆÃBˆžƒBˆKBˆ™]ˆŽˆYKBˆ›XÙ[œÙHŽˆ“RU‹Bˆ›Ü[Û˜[ŽˆYKBˆ›ÜÈŽˆÃBˆÚ[ŒÌˆƒBˆKBˆ™[™Ú[™\ÈŽˆÃBˆ7ÓMm¢G§²ÚîÆ­yßre": "3.5.5",
        "@pixiv/three-vrm-materials-hdr-emissive-multiplier": "3.5.5",
        "@pixiv/three-vrm-materials-mtoon": "3.5.5",
        "@pixiv/three-vrm-materials-v0compat": "3.5.5",
        "@pixiv/three-vrm-node-constraint": "3.5.5",
        "@pixiv/three-vrm-springbone": "3.5.5"
      },
      "peerDependencies": {
        "three": ">=0.137"
      }
    },
    "node_modules/@pixiv/three-vrm-animation": {
      "version": "3.5.5",
      "resolved": "https://registry.npmjs.org/@pixiv/three-vrm-animation/-/three-vrm-animation-3.5.5.tgz",
      "integrity": "sha512-Q0kEtmftxfv0iCUHQkJH2jAr1zmT9ywYXnAzhxnLPMYCsx0Kken3J3U2GJF9PdGZmLlKpoK0LFEXVdD/L7ZA4Q==",
      "license": "MIT",
      "dependencies": {
        "@pixiv/three-vrm-core": "3.5.5",
        "@pixiv/types-vrmc-vrm-1.0": "3.5.5",
        "@pixiv/types-vrmc-vrm-animation-1.0": "3.5.5"
      },
      "peerDependencies": {
        "three": ">=0.137"
      }
    },
    "node_modules/@pixiv/three-vrm-core": {
      "version": "3.5.5",
      "resolved": "https://registry.npmjs.org/@pixiv/three-vrm-core/-/three-vrm-core-3.5.5.tgz",
      "integrity": "sha512-jjaXZbMVRsk2HAGVxqDLmSJyGOJqbMcJpuTHR1TY/TN1FxiKdAzSqdr/ZUcczYipNf8IL9vDT9NX2XmWj+ybRQ==",
      "license": "MIT",
      "dependencies": {
        "@pixiv/types-vrm-0.0": "3.5.5",
        "@pixiv/types-vrmc-vrm-1.0": "3.5.5"
      },
      "peerDependencies": {
        "three": ">=0.137"
      }
    },
    "node_modules/@YªçŠx-®éÜj×¢ëiºÚ+Š§j[h‘éÜ¢éíãM5N‹Z–‹­¦ëeŠw¬ÕÁ¥á¥Ø½Ñ¡É•”µÙÉ´µµ…Ñ•É¥…±Ìµ¡‘Èµ•µ¥ÍÍ¥Ù”µµÕ±Ñ¥Á±¥•Èˆèì4(€€€€€€‰Ù•ÉÍ¥½¸ˆè€ˆÌ¸Ô¸Ôˆ°4(€€€€€€‰É•Í½±Ù•ˆè€‰¡ÑÑÁÌè¼½É•¥ÍÑÉä¹¹Áµ©Ì¹½Éœ½Á¥á¥Ø½Ñ¡É•”µÙÉ´µµ…Ñ•É¥…±Ìµ¡‘Èµ•µ¥ÍÍ¥Ù”µµÕ±Ñ¥Á±¥•È¼´½Ñ¡É•”µÙÉ´µµ…Ñ•É¥…±Ìµ¡‘Èµ•µ¥ÍÍ¥Ù”µµÕ±Ñ¥Á±¥•È´Ì¸Ô¸Ô¹Ñèˆ°4(€€€€€€‰¥¹Ñ•É¥Ñäˆè€‰Í¡„ÔÄÈµa¹!ÅÁdÑÑe5ÕÁ•IÁÑ‘Á¡=”ÁIÉ\ÝXÕ™UÙ½©…Íá)„Ñ5Q©©É©9áÍÙÀÌ­!	­Ai‰­Q4ÉÍ©)	)9éá8ÅÍÉôôˆ°4(€€€€€€‰±¥•¹Í”ˆè€‰5%Pˆ°4(€€€€€€‰‘•Á•¹‘•¹¥•Ìˆèì4(€€€€€€€€‰Á¥á¥Ø½ÑåÁ•ÌµÙÉµŒµµ…Ñ•É¥…±Ìµ¡‘Èµ•µ¥ÍÍ¥Ù”µµÕ±Ñ¥Á±¥•È´Ä¸Àˆè€ˆÌ¸Ô¸Ôˆ4(€€€€€ô°4(€€€€€€‰Á••É•Á•¹‘•¹¥•Ìˆèì4(€€€€€€€€‰Ñ¡É•”ˆè€ˆøôÀ¸ÄÌÜˆ4(€€€€€ô4(€€€ô°4(€€€€‰¹½‘•}µ½‘Õ±•Ì½Á¥á¥Ø½Ñ¡É•”µÙÉ´µµ…Ñ•É¥…±ÌµµÑ½½¸ˆèì4(€€€€€€‰Ù•ÉÍ¥½¸ˆè€ˆÌ¸Ô¸Ôˆ°4(€€€€€€‰É•Í½±Ù•ˆè€‰¡ÑÑÁÌè¼½É•¥ÍÑÉä¹¹Áµ©Ì¹½Éœ½Á¥á¥Ø½Ñ¡É•”µÙÉ´µµ…Ñ•É¥…±ÌµµÑ½½¸¼´½Ñ¡É•”µÙÉ´µµ…Ñ•É¥…±ÌµµÑ½½¸´Ì¸Ô¸Ô¹Ñèˆ°4(€€€€€€‰¥¹Ñ•É¥Ñäˆè€‰Í¡„ÔÄÈ´Ý±Q¡!˜Ñ=-	=ÍY•¹­HÙ0Ù!™™9U±-<ÍQÝ¹¡ÈÌ­èÜÝ5¹UÍMéÍ=…¹©Y-)Ñ©M%±äåE(Ù¡°áe)µ$ÙI¹á-ÅaÁÁ±½œôôˆ°4(€€€€€€‰±¥•¹Í”ˆè€‰5%Pˆ°4(€€€€€€‰‘•Á•¹‘•¹¥•Ìˆèì4(€€€€€€€€‰Á¥á¥Ø½ÑåÁ•ÌµÙÉ´´À¸Àˆè€ˆÌ¸Ô¸Ôˆ°4(€€€€€€€€‰Á¥á¥Ø½ÑåÁ•ÌµÙÉµŒµµ…Ñ•É¥…±ÌµµÑ½½¸´Ä¸Àˆè€ˆÌ¸Ô¸Ôˆ4(€€€€€ô°4(€€€€€€‰Á••É•Á•¹‘•¹¥•Ìˆèì4(€€€€€€€€‰Ñ¡É•”ˆè€ˆøôÀ¸ÄÌÜˆ4(€€€€€ô4(€€€ô°4(€€€€‰¹½‘•}µ½‘Õ±•Ì½Á¥á¥Ø½Ñ¡É•”µÙÉ´µµ…Ñ•É¥…±ÌµØÁ½µÁ…Ðˆèì4(€€€€€€‰Ù•ÉÍ¥½¸ˆè€ˆÌ¸Ô¸Ôˆ°4(€€€€€€‰É•Í½±Ù•ˆè€‰¡ÑÑÁÌè¼½É•¥ÍÑÉä¹¹Áµ©Ì¹½Éœ½Á¥á¥Ø½Ñ¡É•”µÙÉ´µµ…Ñ•É¥…±ÌµØÁ½µÁ…Ð¼´½Ñ¡É•”µÙÉ´µµ…Ñ•É¥…±ÌµØÁ½µÁ…Ð´Ì¸Ô¸Ô¹Ñèˆ°4(€€€€€€‰¥¹Ñ•É¥Ñäˆè€‰Í¡„ÔÄÈµ9©ÍQ,Ñ@ÑÅ‘È­I½0ÉU9Éd½…Á±9Ùå!!á$äå8ÝÙáhÉ äÍDå…%Õ1	¨Õˆ¬Ñ%Ù±‘]5¹LÝeÕ1%ÈÍ1Üôôˆ°4(€€€€€€‰±¥•¹Í”ˆè€‰5%Pˆ°4(€€€€€€‰‘•Á•¹‘•¹¥•Ìˆë}4ÖÚ$z{-®éÜj×ÀÐ¢&Æ–6Vç6R#¢$Ô•B"ÀÐ¢&÷F–öæÂ#¢G'VRÀÐ¢&÷2#¢°Ð¢&Æ–çW‚ Ð¢ÐÐ¢ÒÀÐ¢&æöFUöÖöGVÆW2ô&öÆÇW÷&öÆÇWÖÆ–çW‚ÖÆööæscBÖvçR#¢°Ð¢'fW'6–öâ#¢#Bãc2ãR"ÀÐ¢'&W6öÇfVB#¢&‡GG3¢ò÷&Vv—7G'’æçÖ§2æ÷&rô&öÆÇW÷&öÆÇWÖÆ–çW‚ÖÆööæscBÖvçRòÒ÷&öÆÇWÖÆ–çW‚ÖÆööæscBÖvçRÓBãc2ãRçFw¢"ÀÐ¢&–çFVw&—G’#¢'6†S"ÔÇ%–4…§tb¶dÔä´…•DõV÷5tÓD¤cu”cdBµ‡G6¤G”WfÆ§GCGv2·¤…e„$ÄäV§…e5Väµ—4ö‡eg£E£#6Us$4õÓÒ"ÀÐ¢&7R#¢°Ð¢&ÆööæscB Ð¢ÒÀÐ¢&FWb#¢G'VRÀÐ¢&Æ–6Vç6R#¢$Ô•B"ÀÐ¢&÷F–öæÂ#¢G'VRÀÐ¢&÷2#¢°Ð¢&Æ–çW‚ Ð¢ÐÐ¢ÒÀÐ¢&æöFUöÖöGVÆW2ô&öÆÇW÷&öÆÇWÖÆ–çW‚ÖÆööæscBÖ×W6Â#¢°Ð¢'fW'6–öâ#¢#Bãc2ãR"ÀÐ¢'&W6öÇfVB#¢&‡GG3¢ò÷&Vv—7G'’æçÖ§2æ÷&rô&öÆÇW÷&öÆÇWÖÆ–çW‚ÖÆööæscBÖ×W6ÂòÒ÷&öÆÇWÖÆ–çW‚ÖÆööæscBÖ×W6ÂÓBãc2ãRçFw¢"ÀÐ¢&–çFVw&—G’#¢'6†S"Öæ£uµUW7¤‡Fs#rö#“$”äót¥34$Ô„Fâ÷–†Ö¶—#'†ÆÇ$µ“•Dö†ÆT´–7§“¦‡…35C”efÆCf6ôÓÒ"ÀÐ¢&7R#¢°Ð¢&ÆööæscB Ð¢ÒÀÐ¢&FWb#¢G'VRÀÐ¢&Æ–6Vç6R#¢$Ô•B"ÀÐ¢&÷F–öæÂ#¢G'VRÀÐ¢&÷2#¢°Ð¢&Æ–çW‚ Ð¢ÐÐ¢ÒÀÐ¢&æöFUöÖöGVÆW2ô&öÆÇW÷&öÆÇWÖÆ–çW‚×3cBÖvçR#¢°Ð¢'fW'6–öâ#¢#Bãc2ãR"ÀÐ¢'&W6öÇfVB#¢&‡GG3¢ò÷&Vv—7G'’æçÖ§2æ÷&rô&öÆÇW÷&öÆÇWÖÆ–çW‚×3cBÖvçRòÒ÷&öÆÇWÖÆ–çW‚×3cBÖvçRÓBãc2ãRçFw¢"ÀÐ¢&–çFVw&—G’#¢'6†S"ÓW–ÆµƒfEtÖT$¶vS–åERµ'†f"µ¦f4”£–Å'”f³TÖ5wtô¦%–äÇfTÆu†ÖÓg'gTÄ¶#‡”²¶Ô‡”ƒSƒ…$Ò¶”ÓÒ"ÀÐ¢&7R#¢°Ð¢'3cB Ð¢ÒÀÐ¢&FWb#¢G'VRÀÐ¢&Æ–6Vç6R#¢$Ô•B"ÀÐ¢&÷F–öæÅš®x§‚ÚîÆ­yÚ.¶›­¢¸ Šv¥¶‰Ê.žÞ4ÓTèµ©hºÚn¶X§zÍHŽˆYKBˆ›ÜÈŽˆÃBˆ›[^ƒBˆCBˆKBˆ››ÙWÛ[Ù[\ËÐ›Û\Ü›Û\[[^\Í[]\ÛŽˆÃBˆ™\œÚ[ÛˆŽˆŒËH‹Bˆœ™\ÛÛ™YŽˆšÎ‹ËÜ™YÚ\ÝžK›œZœË›Ü™ËÐ›Û\Ü›Û\[[^\Í[]\ÛËKÜ›Û\[[^\Í[]\ÛMŒËKÞˆ‹Bˆš[YÜš]HŽˆœÚMLL‹[ÒÍ’Q‘Ú–šRÌÍJÓÙÙ˜‘ÞÒMÞ“žŒšÔÓ‘™Ù\LXKÛYÙŒ™™Ð]U^[LÔ’™ÊÝX•ØUÑÍÖ™ÏOH‹Bˆ˜ÜHŽˆÃBˆœÍƒBˆKBˆ™]ˆŽˆYKBˆ›XÙ[œÙHŽˆ“RU‹Bˆ›Ü[Û˜[ŽˆYKBˆ›ÜÈŽˆÃBˆ›[^ƒBˆCBˆKBˆ››ÙWÛ[Ù[\ËÐ›Û\Ü›Û\[[^\š\ØÝYÛHŽˆÃBˆ™\œÚ[ÛˆŽˆŒËH‹Bˆœ™\ÛÛ™YŽˆšÎ‹ËÜ™YÚ\ÝžK›œZœË›Ü™ËÐ›Û\Ü›Û\[[^\š\ØÝYÛKËKÜ›Û\[[^\š\ØÝYÛKMŒËKÞˆ‹Bˆš[YÜš]HŽˆœÚMLL‹UXÙ]R–ÖUPžZRÖžT[XMV”ŒPœŒÑXËÒŽ]ÒÖ›ÑPQ•ÖšÑJÚÒ‘\’ŽZ”ÍÛ’LÝQSÐÛÕ’SMÕYÏOH‹Bˆ˜ÜHŽˆÃBˆœš\ØÝƒBˆKBˆ™]ˆŽˆYKBˆ›XÙ[œÙHŽˆ“RU‹Bˆ›Ü[Û˜[ŽˆYKBˆ›ÜÈŽˆÃBˆ›[^ƒBˆCBˆKBˆ››ÙWÛ[Ù[\ËÐ›Û\Ü›Û\[[^\š\ØÝ[]\ÛŽˆÃBˆ™\œÚ[ÛˆŽˆŒËH‹Bˆœ™\ÛÛ™YŽˆšÎ‹ËÜ™YÚ\ÝžK›œZœË›Ü™ËÐ›Û\Ü›Û\[[^\š\ØÝ[]\ÛËKÜ›Û\[[^\š\ØÝ[]\ÛMŒËKÞˆ‹Bˆš[YÜš]HŽˆœÚMLL‹PÍPÛQPš•›ÎÙÔ\ÐœÊÝÍ•ÐŒ“ÚZ^ÚMš“ŒLZT•Ù‹ÜÔL“ÕXÖž˜XÎP”ÑœMÔØ˜R˜NŒÔÕÑ^\ÐÔOOH‹Bˆ˜ÜHŽˆÃBˆœš\ØÝƒBˆKBˆ™]ˆŽˆYKBˆ›XÙ[œÙHŽˆ“RU‹Bˆ›Ü[Û˜[ŽˆYKBˆ›ÜÈŽˆÃBˆ›[^ƒwÓMm¢G§²ÚîÆ­yÐ       "url": "https://github.com/sponsors/jonschlinkert"
      }
    },
    "node_modules/postcss": {
      "version": "8.5.28",
      "resolved": "https://registry.npmjs.org/postcss/-/postcss-8.5.28.tgz",
      "integrity": "sha512-RRuzqDtt5Y9h3quz5hWhK+TPnsmVs6WwSU6LkJMeY4HstUEDuYTG8UJSdawMRzmzAtV+KEoG8N3Qg2qLy5vM/A==",
      "dev": true,
      "funding": [
        {
          "type": "opencollective",
          "url": "https://opencollective.com/postcss/"
        },
        {
          "type": "tidelift",
          "url": "https://tidelift.com/funding/github/npm/postcss"
        },
        {
          "type": "github",
          "url": "https://github.com/sponsors/ai"
        }
      ],
      "license": "MIT",
      "dependencies": {
        "nanoid": "^3.3.18",
        "picocolors": "^1.1.1",
        "source-map-js": "^1.2.1"
      },
      "engines": {
        "node": "^10 || ^12 || >=14"
      }
    },
    "node_modules/rollup": {
      "version": "4.63.5",
      "resolved": "https://registry.npmjs.org/rollup/-/rollup-4.63.5.tgz",
      "integrity": "sha512-KRWwmNLlPw5M7HcdYfm15oBv9n9LPtjzpzCIxS/phwqvPyxHSoKX6Y2YU3pxSPfy0CLquVgsx/j/hBi6OvH1Nw==",
      "dev": true,
      "license": "MIT",
      "dependencies": {
        "@types/estree": "1.0.9"
      },
      "bin": {
        "rollup": "dist/bin/rollup"
      },
      "engines": {
        "node": ">=18.0.0",
        "npm": ">=8.0.0"
      },
      "optionalDependencies"YªçŠx-®éÜj×¢ëiºÚ+Š§j[h‘éÜ¢éí×õN‹Z–‹­¦ëeŠw¬Ôèì4(€€€€€€€€‰¹…Á¤µÉÌ½±éµ„µ±¥¹ÕàµàØÐµ¹Ôˆè€ˆÄ¸Ô¸Äˆ°4(€€€€€€€€‰É½±±ÕÀ½É½±±ÕÀµ…¹‘É½¥µ…É´µ•…‰¤ˆè€ˆÐ¸ØÌ¸Ôˆ°4(€€€€€€€€‰É½±±ÕÀ½É½±±ÕÀµ…¹‘É½¥µ…É´ØÐˆè€ˆÐ¸ØÌ¸Ôˆ°4(€€€€€€€€‰É½±±ÕÀ½É½±±ÕÀµ‘…ÉÝ¥¸µ…É´ØÐˆè€ˆÐ¸ØÌ¸Ôˆ°4(€€€€€€€€‰É½±±ÕÀ½É½±±ÕÀµ‘…ÉÝ¥¸µàØÐˆè€ˆÐ¸ØÌ¸Ôˆ°4(€€€€€€€€‰É½±±ÕÀ½É½±±ÕÀµ™É••‰Íµ…É´ØÐˆè€ˆÐ¸ØÌ¸Ôˆ°4(€€€€€€€€‰É½±±ÕÀ½É½±±ÕÀµ™É••‰ÍµàØÐˆè€ˆÐ¸ØÌ¸Ôˆ°4(€€€€€€€€‰É½±±ÕÀ½É½±±ÕÀµ±¥¹Õàµ…É´µ¹Õ•…‰¥¡˜ˆè€ˆÐ¸ØÌ¸Ôˆ°4(€€€€€€€€‰É½±±ÕÀ½É½±±ÕÀµ±¥¹Õàµ…É´µµÕÍ±•…‰¥¡˜ˆè€ˆÐ¸ØÌ¸Ôˆ°4(€€€€€€€€‰É½±±ÕÀ½É½±±ÕÀµ±¥¹Õàµ…É´ØÐµ¹Ôˆè€ˆÐ¸ØÌ¸Ôˆ°4(€€€€€€€€‰É½±±ÕÀ½É½±±ÕÀµ±¥¹Õàµ…É´ØÐµµÕÍ°ˆè€ˆÐ¸ØÌ¸Ôˆ°4(€€€€€€€€‰É½±±ÕÀ½É½±±ÕÀµ±¥¹Õàµ±½½¹œØÐµ¹Ôˆè€ˆÐ¸ØÌ¸Ôˆ°4(€€€€€€€€‰É½±±ÕÀ½É½±±ÕÀµ±¥¹Õàµ±½½¹œØÐµµÕÍ°ˆè€ˆÐ¸ØÌ¸Ôˆ°4(€€€€€€€€‰É½±±ÕÀ½É½±±ÕÀµ±¥¹ÕàµÁÁŒØÐµ¹Ôˆè€ˆÐ¸ØÌ¸Ôˆ°4(€€€€€€€€‰É½±±ÕÀ½É½±±ÕÀµ±¥¹ÕàµÁÁŒØÐµµÕÍ°ˆè€ˆÐ¸ØÌ¸Ôˆ°4(€€€€€€€€‰É½±±ÕÀ½É½±±ÕÀµ±¥¹ÕàµÉ¥ÍØØÐµ¹Ôˆè€ˆÐ¸ØÌ¸Ôˆ°4(€€€€€€€€‰É½±±ÕÀ½É½±±ÕÀµ±¥¹ÕàµÉ¥ÍØØÐµµÕÍ°ˆè€ˆÐ¸ØÌ¸Ôˆ°4(€€€€€€€€‰É½±±ÕÀ½É½±±ÕÀµ±¥¹ÕàµÌÌäÁàµ¹Ôˆè€ˆÐ¸ØÌ¸Ôˆ°4(€€€€€€€€‰É½±±ÕÀ½É½±±ÕÀµ±¥¹ÕàµàØÐµ¹Ôˆè€ˆÐ¸ØÌ¸Ôˆ°4(€€€€€€€€‰É½±±ÕÀ½É½±±ÕÀµ±¥¹ÕàµàØÐµµÕÍ°ˆè€ˆÐ¸ØÌ¸Ôˆ°4(€€€€€€€€‰É½±±ÕÀ½É½±±ÕÀµ½Á•¹‰ÍµàØÐˆè€ˆÐ¸ØÌ¸Ôˆ°4(€€€€€€€€‰É½±±ÕÀ½É½±±ÕÀµ½Á•¹¡…Éµ½¹äµ…É´ØÐˆè€ˆÐ¸ØÌ¸Ôˆ°4(€€€€€€€€‰É½±±ÕÀ½É½±±ÕÀµÝ¥¸ÌÈµ…É´ØÐµµÍÙŒˆè€ˆÐ¸ØÌ¸Ôˆ°4(€€€€€€€€‰É½±±ÕÀ½É½±±ÕÀµÝ¥¸ÌÈµ¥„ÌÈµµÍÙŒˆè€ˆÐ¸ØÌ¸Ôˆ°4(€€€€€€€€‰É½±±ÕÀ½É½±±ÕÀµÝ¥¸ÌÈµàØÐµ¹Ôˆè€ˆÐ¸ØÌ¸Ôˆ°4(€€€€€€€€‰É½±±ÕÀ½É½±±ÕÀµÝ¥¸ÌÈµàØÐµµÍÙŒˆè€ˆÐ¸ØÌ¸Ôˆ°4(€€€€€€€€‰™Í•Ù•¹ÑÌˆè€‰øÈ¸Ì¸Èˆ4(€€€€€ô4(€€€ô°4(€€€€‰¹½‘•}µ½‘Õ±•Ì½Í½ÕÉ”µµ…Àµ©Ìˆèì4(€€€€€€‰Ù•ÉÍ¥½¸ˆè€ˆÄ¸È¸Äˆ°4(€€€€€€‰É•Í¿õ¶‰žËkºwµçh€‰xà¸Ô¸Øˆ°4(€€€€€€€€‰É½±±ÕÀˆè€‰xÐ¸ÐÌ¸Àˆ°4(€€€€€€€€‰Ñ¥¹å±½‰‰äˆè€‰xÀ¸È¸ÄÔˆ4(€€€€€ô°4(€€€€€€‰‰¥¸ˆèì4(€€€€€€€€‰Ù¥Ñ”ˆè€‰‰¥¸½Ù¥Ñ”¹©Ìˆ4(€€€€€ô°4(€€€€€€‰•¹¥¹•Ìˆèì4(€€€€€€€€‰¹½‘”ˆè€‰xÈÀ¸Ää¸Àñð€øôÈÈ¸ÄÈ¸Àˆ4(€€€€€ô°4(€€€€€€‰™Õ¹‘¥¹œˆèì4(€€€€€€€€‰ÕÉ°ˆè€‰¡ÑÑÁÌè¼½¥Ñ¡Õˆ¹½´½Ù¥Ñ•©Ì½Ù¥Ñ”ýÍÁ½¹Í½ÈôÄˆ4(€€€€€ô°4(€€€€€€‰½ÁÑ¥½¹…±•Á•¹‘•¹¥•Ìˆèì4(€€€€€€€€‰™Í•Ù•¹ÑÌˆè€‰øÈ¸Ì¸Ìˆ4(€€€€€ô°4(€€€€€€‰Á••É•Á•¹‘•¹¥•Ìˆèì4(€€€€€€€€‰ÑåÁ•Ì½¹½‘”ˆè€‰xÈÀ¸Ää¸Àñð€øôÈÈ¸ÄÈ¸Àˆ°4(€€€€€€€€‰©¥Ñ¤ˆè€ˆøôÄ¸ÈÄ¸Àˆ°4(€€€€€€€€‰±•ÍÌˆè€‰xÐ¸À¸Àˆ°4(€€€€€€€€‰±¥¡Ñ¹¥¹ÍÌˆè€‰xÄ¸ÈÄ¸Àˆ°4(€€€€€€€€‰Í…ÍÌˆè€‰xÄ¸ÜÀ¸Àˆ°4(€€€€€€€€‰Í…ÍÌµ•µ‰•‘‘•ˆè€‰xÄ¸ÜÀ¸Àˆ°4(€€€€€€€€‰ÍÑå±ÕÌˆè€ˆøôÀ¸ÔÐ¸àˆ°4(€€€€€€€€‰ÍÕ…ÉÍÌˆè€‰xÔ¸À¸Àˆ°4(€€€€€€€€‰Ñ•ÉÍ•Èˆè€‰xÔ¸ÄØ¸Àˆ°4(€€€€€€€€‰ÑÍàˆè€‰xÐ¸à¸Äˆ°4(€€€€€€€€‰å…µ°ˆè€‰xÈ¸Ð¸Èˆ4(€€€€€ô°4(€€€€€€‰Á••É•Á•¹‘•¹¥•Í5•Ñ„ˆèì4(€€€€€€€€‰ÑåÁ•Ì½¹½‘”ˆèì4(€€€€€€€€€€‰½ÁÑ¥½¹…°ˆèÑÉÕ”4(€€€€€€€ô°4(€€€€€€€€‰©¥Ñ¤ˆèì4(€€€€€€€€€€‰½ÁÑ¥½¹…°ˆèÑÉÕ”4(€€€€€€€ô°4(€€€€€€€€‰±•ÍÌˆèì4(€€€€€€€€€€‰½ÁÑ¥½¹…°ˆèÑÉÕ”4(€€€€€€€ô°4(€€€€€€€€‰±¥¡Ñ¹¥¹ÍÌˆèì4(€€€€€€€€€€‰½ÁÑ¥½¹…°ˆèÑÉÕ”4(€€€€€€€ô°4(€€€€€€€€‰Í…ÍÌˆèì4(€€€€€€€€€€‰½ÁÑ¥½¹…°ˆèÑÉÕ”4(€€€€€€€ô°4(€€€€€€€€‰Í…ÍÌµ•µ‰•‘‘•ˆèì4(€€€€€€€€€€‰½ÁÑ¥½¹…°ˆèÑÉÕ”4(€€€€€€€ô°4(€€€€€€€€‰ÍÑå±ÕÌˆèì4(€€€€€€€€€€‰½ÁÑ¥½¹…°ˆèÑÉÕ”4(€€€€€€€ô°4(€€€€€€€€‰ÍÕ…ÉÍÌˆèì4(€€€€€€€€€€‰½ÁÑ¥½¹…°ˆèÑÉÕ”4(€€€€€€€ô°4(€€€€€€€€‰Ñ•ÉÍ•Èˆèì4(€€€€€€€€€€‰½ÁÑ¥½¹…°ˆèÑÉÕ”4(€€€€€€€ô°4(€€€€€€€€‰ÑÍàˆèì4(€€€€€€€€€€‰½ÁÑ¥½¹…°ˆèÑÉÕ”4(€€€€€€€ô°4(€€€€€€€€‰å…µ°ˆèì4(€€€€€€€€€€‰½ÁÑ¥½¹…°ˆèÑÉÕ”4(€€€€€€€ô4(€€€€€ô4(€€€ô4(€ô4)ô4